# THIS IS AN AUTOGENERATED FILE. DO NOT EDIT THIS FILE DIRECTLY.
# yarn lockfile v1


"@types/jscodeshift@^0.6.3":
  version "0.6.3"
  resolved "http://bnpm.byted.org/@types/jscodeshift/download/@types/jscodeshift-0.6.3.tgz#96b3acc2b5b761faa77056f777c295b3d16ee2f2"
  integrity sha1-lrOswrW3YfqncFb3d8KVs9Fu4vI=
  dependencies:
    ast-types "0.12.1"
    recast "0.17.2"

ast-types@0.12.1:
  version "0.12.1"
  resolved "http://bnpm.byted.org/ast-types/download/ast-types-0.12.1.tgz#55d3737a8a68e1ccde131067005ce7ee3dd42b99"
  integrity sha1-VdNzeopo4czeExBnAFzn7j3UK5k=

esprima@~4.0.0:
  version "4.0.1"
  resolved "http://bnpm.byted.org/esprima/download/esprima-4.0.1.tgz#13b04cdb3e6c5d19df91ab6987a8695619b0aa71"
  integrity sha1-E7BM2z5sXRnfkatph6hpVhmwqnE=

private@~0.1.5:
  version "0.1.8"
  resolved "http://bnpm.byted.org/private/download/private-0.1.8.tgz#2381edb3689f7a53d653190060fcf822d2f368ff"
  integrity sha1-I4Hts2ifelPWUxkAYPz4ItLzaP8=

recast@0.17.2:
  version "0.17.2"
  resolved "http://bnpm.byted.org/recast/download/recast-0.17.2.tgz#f18f18cf20bf3fad4522621a7f9c2ada37276814"
  integrity sha1-8Y8YzyC/P61FImIaf5wq2jcnaBQ=
  dependencies:
    ast-types "0.12.1"
    esprima "~4.0.0"
    private "~0.1.5"
    source-map "~0.6.1"

source-map@~0.6.1:
  version "0.6.1"
  resolved "http://bnpm.byted.org/source-map/download/source-map-0.6.1.tgz#74722af32e9614e9c287a8d0bbde48b5e2f1a263"
  integrity sha1-dHIq8y6WFOnCh6jQu95IteLxomM=
